# Run ./gradlew writeVersionsLocks to regenerate this file. Blank lines are to minimize merge conflicts.

com.atlassian.commonmark:commonmark:0.12.1 (1 constraints: 36052a3b)

com.fasterxml.jackson.core:jackson-annotations:2.20 (24 constraints: 029d2f39)

com.fasterxml.jackson.core:jackson-core:2.20.0 (23 constraints: c8d8bc23)

com.fasterxml.jackson.core:jackson-databind:2.20.0 (34 constraints: 0b92865c)

com.fasterxml.jackson.dataformat:jackson-dataformat-cbor:2.20.0 (4 constraints: 866c28c1)

com.fasterxml.jackson.dataformat:jackson-dataformat-smile:2.20.0 (1 constraints: 841cada4)

com.fasterxml.jackson.dataformat:jackson-dataformat-yaml:2.20.0 (3 constraints: 41254b0f)

com.fasterxml.jackson.datatype:jackson-datatype-guava:2.20.0 (2 constraints: 3b2be6b0)

com.fasterxml.jackson.datatype:jackson-datatype-jdk8:2.20.0 (4 constraints: 353f6190)

com.fasterxml.jackson.datatype:jackson-datatype-joda:2.20.0 (1 constraints: 841cada4)

com.fasterxml.jackson.datatype:jackson-datatype-jsr310:2.20.0 (2 constraints: 3b2be6b0)

com.github.ben-manes.caffeine:caffeine:3.2.2 (10 constraints: 5caf40db)

com.google.auto:auto-common:1.2.2 (2 constraints: 1e175831)

com.google.code.findbugs:jsr305:3.0.2 (14 constraints: 10110b88)

com.google.errorprone:error_prone_annotations:2.7.1 (31 constraints: ac02d4b2)

com.google.guava:failureaccess:1.0.3 (1 constraints: 160ae3b4)

com.google.guava:guava:33.5.0-jre (37 constraints: 15bdbcda)

com.google.guava:listenablefuture:9999.0-empty-to-avoid-conflict-with-guava (1 constraints: bd17c918)

com.google.j2objc:j2objc-annotations:3.1 (1 constraints: b809f1a0)

com.palantir.common:streams:2.4.0 (1 constraints: 08050136)

com.palantir.conjure:conjure-api-objects:4.50.0 (3 constraints: 9327531f)

com.palantir.conjure:conjure-generator-common:4.50.0 (2 constraints: fd13a782)

com.palantir.conjure.java.api:errors:2.65.0 (10 constraints: 89b9e47c)

com.palantir.conjure.java.api:service-config:2.65.0 (6 constraints: 446638df)

com.palantir.conjure.java.api:ssl-config:2.65.0 (5 constraints: bf4ff930)

com.palantir.conjure.java.runtime:client-config:8.25.0 (6 constraints: b46b822c)

com.palantir.conjure.java.runtime:conjure-java-jackson-optimizations:8.25.0 (1 constraints: 851cc7a4)

com.palantir.conjure.java.runtime:conjure-java-jackson-serialization:8.25.0 (4 constraints: 304a4220)

com.palantir.conjure.java.runtime:keystores:8.25.0 (3 constraints: 1a2a6a5e)

com.palantir.deadlines:deadlines:0.16.0 (2 constraints: a11437ac)

com.palantir.dialogue:dialogue-apache-hc5-client:6.12.0 (2 constraints: 482914e0)

com.palantir.dialogue:dialogue-blocking-channels:6.12.0 (2 constraints: d1239bb2)

com.palantir.dialogue:dialogue-clients:6.12.0 (1 constraints: 3b054d3b)

com.palantir.dialogue:dialogue-core:6.12.0 (3 constraints: 443d0cb4)

com.palantir.dialogue:dialogue-futures:6.12.0 (3 constraints: c233c1bb)

com.palantir.dialogue:dialogue-serde:6.12.0 (3 constraints: 822ed679)

com.palantir.dialogue:dialogue-target:6.12.0 (7 constraints: db78a693)

com.palantir.goethe:goethe:0.17.0 (1 constraints: 3a05383b)

com.palantir.human-readable-types:human-readable-types:1.7.0 (1 constraints: 0a050536)

com.palantir.javapoet:javapoet:0.7.0 (2 constraints: cf109cd1)

com.palantir.nylon:nylon-threads:0.4.0 (1 constraints: 0c10fa91)

com.palantir.refreshable:refreshable:2.7.0 (3 constraints: a8336172)

com.palantir.ri:resource-identifier:2.11.0 (3 constraints: 48258e4a)

com.palantir.safe-logging:logger:3.9.0 (24 constraints: 61a532c7)

com.palantir.safe-logging:logger-slf4j:3.9.0 (1 constraints: 070e6e42)

com.palantir.safe-logging:logger-spi:3.9.0 (2 constraints: 1d1e0c7c)

com.palantir.safe-logging:preconditions:3.9.0 (31 constraints: 821a216d)

com.palantir.safe-logging:safe-logging:3.9.0 (28 constraints: e0edd6dd)

com.palantir.safethreadlocalrandom:safe-thread-local-random:0.3.0 (1 constraints: 350faa76)

com.palantir.syntactic-paths:syntactic-paths:0.9.0 (2 constraints: 9d137b61)

com.palantir.tokens:auth-tokens:3.20.0 (5 constraints: 6f54cfa2)

com.palantir.tracing:tracing:6.28.0 (8 constraints: 917e6626)

com.palantir.tracing:tracing-api:6.28.0 (6 constraints: aa585a30)

com.palantir.tracing:tracing-undertow:6.28.0 (1 constraints: 4205633b)

com.palantir.tritium:tritium-api:0.111.0 (2 constraints: 871f0ef3)

com.palantir.tritium:tritium-caffeine:0.111.0 (1 constraints: de10ffce)

com.palantir.tritium:tritium-core:0.111.0 (1 constraints: 6b109eb2)

com.palantir.tritium:tritium-ids:0.104.0 (1 constraints: f80f86a6)

com.palantir.tritium:tritium-metrics:0.111.0 (6 constraints: 6c68761f)

com.palantir.tritium:tritium-registry:0.111.0 (12 constraints: 39ef652a)

com.squareup:javapoet:1.13.0 (1 constraints: f50b65f7)

info.picocli:picocli:4.7.7 (1 constraints: 14051b36)

io.dropwizard.metrics:metrics-core:4.2.37 (28 constraints: 21e728bd)

io.smallrye.common:smallrye-common-constraint:2.4.0 (3 constraints: c633ce60)

io.smallrye.common:smallrye-common-cpu:2.4.0 (1 constraints: b10e835a)

io.smallrye.common:smallrye-common-expression:2.4.0 (1 constraints: b10e835a)

io.smallrye.common:smallrye-common-function:2.4.0 (1 constraints: 9a132842)

io.smallrye.common:smallrye-common-net:2.4.0 (1 constraints: b10e835a)

io.smallrye.common:smallrye-common-os:2.4.0 (1 constraints: b10e835a)

io.smallrye.common:smallrye-common-ref:2.4.0 (1 constraints: b10e835a)

io.undertow:undertow-core:2.2.38.Final (2 constraints: ea19a2fe)

jakarta.annotation:jakarta.annotation-api:2.1.1 (6 constraints: cd5ca708)

jakarta.inject:jakarta.inject-api:2.0.1 (9 constraints: 1fac8623)

jakarta.ws.rs:jakarta.ws.rs-api:4.0.0 (16 constraints: 64221f06)

joda-time:joda-time:2.14.0 (2 constraints: 671b9a70)

org.apache.commons:commons-lang3:3.19.0 (3 constraints: ff217afa)

org.apache.httpcomponents.client5:httpclient5:5.4.3 (3 constraints: f43937e8)

org.apache.httpcomponents.core5:httpcore5:5.3.6 (4 constraints: 05488da8)

org.apache.httpcomponents.core5:httpcore5-h2:5.3.4 (1 constraints: 4013103c)

org.checkerframework:checker-qual:3.49.1 (12 constraints: 4cb1cd72)

org.derive4j:derive4j-annotation:1.1.1 (1 constraints: 0505f435)

org.eclipse.collections:eclipse-collections:13.0.0 (1 constraints: 3605363b)

org.eclipse.collections:eclipse-collections-api:13.0.0 (2 constraints: 1418b976)

org.glassfish.hk2:osgi-resource-locator:1.0.3 (2 constraints: 7d23b265)

org.glassfish.jersey.core:jersey-common:3.1.3 (15 constraints: 7410a287)

org.hdrhistogram:HdrHistogram:2.2.2 (1 constraints: 0e100092)

org.immutables:value:2.11.6 (2 constraints: 051577c2)

org.jboss.logging:jboss-logging:3.5.0.Final (9 constraints: 89ae085f)

org.jboss.threads:jboss-threads:3.5.1.Final (3 constraints: ba2a18e6)

org.jboss.xnio:xnio-api:3.8.16.Final (2 constraints: d71a2474)

org.jboss.xnio:xnio-nio:3.8.16.Final (1 constraints: f80dc53d)

org.jetbrains:annotations:26.0.2 (4 constraints: 0a3aa099)

org.jspecify:jspecify:1.0.0 (23 constraints: f671676f)

org.mpierce.metrics.reservoir:hdrhistogram-metrics-reservoir:1.1.3 (1 constraints: 0d10f991)

org.slf4j:slf4j-api:2.0.17 (36 constraints: 6cfc178c)

org.slf4j:slf4j-simple:2.0.17 (1 constraints: 3c05323b)

org.wildfly.client:wildfly-client-config:1.0.1.Final (1 constraints: 940c6308)

org.wildfly.common:wildfly-common:2.0.1 (3 constraints: 78215fcd)

org.yaml:snakeyaml:2.4 (1 constraints: 3e178d10)



[Test dependencies]

ch.qos.logback:logback-classic:1.5.18 (7 constraints: d5616120)

ch.qos.logback:logback-core:1.5.18 (5 constraints: 75503fe6)

ch.qos.logback.access:logback-access-common:2.0.6 (2 constraints: ad232460)

ch.qos.logback.access:logback-access-jetty11:2.0.6 (1 constraints: b6114ae2)

com.fasterxml:classmate:1.7.0 (3 constraints: 8730835b)

com.fasterxml.jackson.jakarta.rs:jackson-jakarta-rs-base:2.20.0 (2 constraints: f335226c)

com.fasterxml.jackson.jakarta.rs:jackson-jakarta-rs-cbor-provider:2.20.0 (1 constraints: 511c8aa1)

com.fasterxml.jackson.jakarta.rs:jackson-jakarta-rs-json-provider:2.20.0 (3 constraints: 6222c8f5)

com.fasterxml.jackson.module:jackson-module-blackbird:2.20.0 (1 constraints: b80e705e)

com.fasterxml.jackson.module:jackson-module-jakarta-xmlbind-annotations:2.20.0 (2 constraints: f335226c)

com.fasterxml.jackson.module:jackson-module-parameter-names:2.20.0 (1 constraints: b80e705e)

com.google.auto.value:auto-value-annotations:1.11.0 (2 constraints: d01cd319)

com.google.testing.compile:compile-testing:0.23.0 (1 constraints: 3705303b)

com.google.truth:truth:1.4.5 (1 constraints: 1d1219fb)

com.helger:profiler:1.1.1 (1 constraints: ed130e59)

com.netflix.feign:feign-core:8.18.0 (3 constraints: e9422dfb)

com.netflix.feign:feign-jackson:8.18.0 (1 constraints: c718909e)

com.palantir.conjure:conjure-core:4.50.0 (1 constraints: 3b054b3b)

com.palantir.conjure.java.api:test-utils:2.65.0 (1 constraints: 3f05523b)

com.palantir.conjure.java.runtime:conjure-java-annotations:8.25.0 (1 constraints: c5188b9e)

com.palantir.conjure.java.runtime:conjure-java-jaxrs-client:8.25.0 (1 constraints: 4105663b)

com.palantir.conjure.java.runtime:conjure-java-jersey-jakarta-server:8.25.0 (1 constraints: 4105663b)

com.palantir.conjure.java.runtime:conjure-java-legacy-clients:8.25.0 (2 constraints: 051e4f44)

com.palantir.conjure.java.runtime:refresh-utils:8.25.0 (1 constraints: c5188b9e)

com.palantir.safe-logging:preconditions-assertj:3.9.0 (1 constraints: 0e051536)

com.palantir.tracing:tracing-jersey-jakarta:6.28.0 (1 constraints: 531ca1a1)

io.dropwizard:dropwizard-configuration:4.0.13 (2 constraints: 381c2dc1)

io.dropwizard:dropwizard-core:4.0.13 (2 constraints: 00148076)

io.dropwizard:dropwizard-health:4.0.13 (1 constraints: 720da82c)

io.dropwizard:dropwizard-jackson:4.0.13 (8 constraints: fa6c7b1b)

io.dropwizard:dropwizard-jersey:4.0.13 (4 constraints: af2f4b44)

io.dropwizard:dropwizard-jetty:4.0.13 (4 constraints: af2f4b44)

io.dropwizard:dropwizard-lifecycle:4.0.13 (4 constraints: 353988e1)

io.dropwizard:dropwizard-logging:4.0.13 (4 constraints: 5633012d)

io.dropwizard:dropwizard-metrics:4.0.13 (1 constraints: 720da82c)

io.dropwizard:dropwizard-request-logging:4.0.13 (1 constraints: 720da82c)

io.dropwizard:dropwizard-servlets:4.0.13 (1 constraints: 720da82c)

io.dropwizard:dropwizard-testing:4.0.13 (1 constraints: 3a053a3b)

io.dropwizard:dropwizard-util:4.0.13 (11 constraints: 92a1dcb9)

io.dropwizard:dropwizard-validation:4.0.13 (6 constraints: 72583aa2)

io.dropwizard.logback:logback-throttling-appender:1.4.2 (1 constraints: 7f0ed94f)

io.dropwizard.metrics:metrics-annotation:4.2.30 (4 constraints: 493d42d1)

io.dropwizard.metrics:metrics-healthchecks:4.2.30 (4 constraints: 9b3e6d44)

io.dropwizard.metrics:metrics-jakarta-servlets:4.2.30 (1 constraints: 730db12c)

io.dropwizard.metrics:metrics-jersey3:4.2.30 (1 constraints: 5c0e764e)

io.dropwizard.metrics:metrics-jetty11:4.2.30 (2 constraints: 6c1bd184)

io.dropwizard.metrics:metrics-jmx:4.2.30 (1 constraints: 730db12c)

io.dropwizard.metrics:metrics-json:4.2.30 (1 constraints: 2314456d)

io.dropwizard.metrics:metrics-jvm:4.2.30 (2 constraints: 9521138b)

io.dropwizard.metrics:metrics-logback:4.2.30 (1 constraints: b10e945e)

jakarta.activation:jakarta.activation-api:2.1.0 (3 constraints: 9c3b2e70)

jakarta.el:jakarta.el-api:5.0.1 (2 constraints: eb1eda9a)

jakarta.servlet:jakarta.servlet-api:6.0.0 (10 constraints: c3a1df08)

jakarta.validation:jakarta.validation-api:3.0.2 (14 constraints: e4d130d9)

jakarta.xml.bind:jakarta.xml.bind-api:4.0.0 (3 constraints: 1b46dd11)

junit:junit:4.13.2 (2 constraints: de1ce71a)

net.bytebuddy:byte-buddy:1.17.7 (2 constraints: 9f161b3f)

net.bytebuddy:byte-buddy-agent:1.17.7 (1 constraints: 4a0b4ede)

net.sourceforge.argparse4j:argparse4j:0.9.0 (2 constraints: da1b0890)

org.apache.commons:commons-text:1.13.0 (1 constraints: 3e1153ce)

org.apiguardian:apiguardian-api:1.1.2 (6 constraints: 5366ce6e)

org.assertj:assertj-core:3.27.6 (3 constraints: fa2a74a4)

org.eclipse.jetty:jetty-http:11.0.25 (5 constraints: 4f4d83e8)

org.eclipse.jetty:jetty-io:11.0.25 (6 constraints: d4563539)

org.eclipse.jetty:jetty-security:11.0.25 (3 constraints: 212aa29a)

org.eclipse.jetty:jetty-server:11.0.25 (8 constraints: 017e4334)

org.eclipse.jetty:jetty-servlet:11.0.25 (2 constraints: cc1b96b5)

org.eclipse.jetty:jetty-servlets:11.0.25 (1 constraints: 2a0e474c)

org.eclipse.jetty:jetty-util:11.0.25 (10 constraints: 3a93379c)

org.eclipse.jetty.toolchain:jetty-jakarta-servlet-api:5.0.2 (1 constraints: 860dd528)

org.eclipse.jetty.toolchain.setuid:jetty-setuid-java:1.0.4 (1 constraints: 3f0d2a1f)

org.glassfish:jakarta.el:5.0.0-M1 (2 constraints: 6924b6c8)

org.glassfish.hk2:hk2-api:3.0.6 (2 constraints: 971aea66)

org.glassfish.hk2:hk2-locator:3.0.4 (1 constraints: 4210d6ad)

org.glassfish.hk2:hk2-utils:3.0.6 (2 constraints: 1f172077)

org.glassfish.hk2.external:aopalliance-repackaged:3.0.6 (2 constraints: 1f172077)

org.glassfish.jersey.connectors:jersey-apache5-connector:3.1.3 (1 constraints: ca0edb5f)

org.glassfish.jersey.containers:jersey-container-servlet:3.1.3 (1 constraints: 5e0e6b4e)

org.glassfish.jersey.containers:jersey-container-servlet-core:3.1.3 (4 constraints: 1c4f2755)

org.glassfish.jersey.core:jersey-client:3.1.3 (5 constraints: 0c69cdb0)

org.glassfish.jersey.core:jersey-server:3.1.3 (11 constraints: 15e45a08)

org.glassfish.jersey.ext:jersey-bean-validation:3.1.3 (2 constraints: 8e29def9)

org.glassfish.jersey.ext:jersey-metainf-services:3.1.3 (1 constraints: 5e0e6b4e)

org.glassfish.jersey.inject:jersey-hk2:3.1.3 (2 constraints: 772ae453)

org.glassfish.jersey.media:jersey-media-jaxb:3.1.3 (1 constraints: 0c1a5de4)

org.glassfish.jersey.test-framework:jersey-test-framework-core:3.1.3 (2 constraints: 40324cac)

org.glassfish.jersey.test-framework.providers:jersey-test-framework-provider-inmemory:3.1.3 (1 constraints: ca0edb5f)

org.hamcrest:hamcrest:3.0 (3 constraints: 30486c2c)

org.hamcrest:hamcrest-core:3.0 (2 constraints: 720acabf)

org.hibernate.validator:hibernate-validator:8.0.1.Final (3 constraints: 3e38dcdc)

org.javassist:javassist:3.30.2-GA (3 constraints: 2c2691eb)

org.junit.jupiter:junit-jupiter:6.0.0 (3 constraints: dc44b577)

org.junit.jupiter:junit-jupiter-api:6.0.0 (5 constraints: 59437be7)

org.junit.jupiter:junit-jupiter-engine:6.0.0 (1 constraints: 030eca3b)

org.junit.jupiter:junit-jupiter-params:6.0.0 (2 constraints: 0a13fa3a)

org.junit.platform:junit-platform-commons:6.0.0 (2 constraints: d320144a)

org.junit.platform:junit-platform-engine:6.0.0 (2 constraints: eb22a707)

org.junit.platform:junit-platform-launcher:6.0.0 (1 constraints: 08050936)

org.jvnet:animal-sniffer-annotation:1.0 (1 constraints: f20b95eb)

org.mockito:mockito-core:5.20.0 (2 constraints: 2a143986)

org.mockito:mockito-junit-jupiter:5.20.0 (1 constraints: 3905453b)

org.objenesis:objenesis:3.3 (1 constraints: b20a14bd)

org.opentest4j:opentest4j:1.3.0 (2 constraints: cf209249)

org.ow2.asm:asm:9.8 (1 constraints: 0b0aaea4)

org.slf4j:jcl-over-slf4j:2.0.17 (1 constraints: b20e835e)

org.slf4j:jul-to-slf4j:2.0.17 (1 constraints: b20e835e)

org.slf4j:log4j-over-slf4j:2.0.17 (1 constraints: b20e835e)
