# Run ./gradlew --write-locks to regenerate this file
com.atlassian.commonmark:commonmark:0.12.1 (1 constraints: 36052a3b)
com.fasterxml.jackson:jackson-bom:2.12.5 (21 constraints: deb046b1)
com.fasterxml.jackson.core:jackson-annotations:2.12.5 (17 constraints: b42deb83)
com.fasterxml.jackson.core:jackson-core:2.12.5 (21 constraints: 1ca8b49d)
com.fasterxml.jackson.core:jackson-databind:2.12.5 (34 constraints: e78c6d3f)
com.fasterxml.jackson.dataformat:jackson-dataformat-cbor:2.12.5 (10 constraints: 2bbca845)
com.fasterxml.jackson.dataformat:jackson-dataformat-smile:2.12.5 (9 constraints: c7a45d2f)
com.fasterxml.jackson.dataformat:jackson-dataformat-yaml:2.12.5 (4 constraints: ee339392)
com.fasterxml.jackson.datatype:jackson-datatype-guava:2.12.5 (11 constraints: 22caa69a)
com.fasterxml.jackson.datatype:jackson-datatype-jdk8:2.12.5 (12 constraints: 6cc79d1d)
com.fasterxml.jackson.datatype:jackson-datatype-joda:2.12.5 (10 constraints: 75b3c597)
com.fasterxml.jackson.datatype:jackson-datatype-jsr310:2.12.5 (10 constraints: 75b3c597)
com.fasterxml.jackson.module:jackson-module-afterburner:2.12.5 (10 constraints: 91b3a0c4)
com.github.ben-manes.caffeine:caffeine:3.0.4 (14 constraints: 07f95907)
com.google.code.findbugs:jsr305:3.0.2 (25 constraints: 2590ec79)
com.google.errorprone:error_prone_annotations:2.10.0 (26 constraints: 98a19623)
com.google.guava:failureaccess:1.0.1 (13 constraints: dccbb273)
com.google.guava:guava:31.0.1-jre (32 constraints: 0c440dc0)
com.google.guava:listenablefuture:9999.0-empty-to-avoid-conflict-with-guava (13 constraints: 807d891d)
com.google.j2objc:j2objc-annotations:1.3 (13 constraints: 30c78087)
com.palantir.common:streams:1.9.1 (8 constraints: 527d0dda)
com.palantir.conjure:conjure-api-objects:4.14.0 (2 constraints: 59229fe3)
com.palantir.conjure:conjure-generator-common:4.14.0 (2 constraints: fd139f82)
com.palantir.conjure.java.api:errors:2.22.0 (12 constraints: 59d70324)
com.palantir.conjure.java.api:service-config:2.22.0 (8 constraints: 8a8dbc6d)
com.palantir.conjure.java.api:ssl-config:2.22.0 (9 constraints: 109f8b25)
com.palantir.conjure.java.runtime:client-config:7.20.0 (11 constraints: acda64f5)
com.palantir.conjure.java.runtime:conjure-java-jackson-optimizations:7.20.0 (8 constraints: 06966e25)
com.palantir.conjure.java.runtime:conjure-java-jackson-serialization:7.20.0 (12 constraints: a8df3e34)
com.palantir.conjure.java.runtime:keystores:7.20.0 (10 constraints: 13adb128)
com.palantir.dialogue:dialogue-apache-hc5-client:3.34.0 (7 constraints: 4f7ef514)
com.palantir.dialogue:dialogue-blocking-channels:3.34.0 (6 constraints: 0b659cb7)
com.palantir.dialogue:dialogue-clients:3.34.0 (7 constraints: 166ea27a)
com.palantir.dialogue:dialogue-core:3.34.0 (7 constraints: e1829493)
com.palantir.dialogue:dialogue-futures:3.34.0 (6 constraints: bf680513)
com.palantir.dialogue:dialogue-serde:3.34.0 (8 constraints: b2873bd5)
com.palantir.dialogue:dialogue-target:3.34.0 (8 constraints: 3e87d74a)
com.palantir.goethe:goethe:0.4.0 (8 constraints: 1a7d70b5)
com.palantir.human-readable-types:human-readable-types:1.5.0 (1 constraints: 0805ff35)
com.palantir.refreshable:refreshable:2.1.0 (8 constraints: f28b59cc)
com.palantir.ri:resource-identifier:2.1.0 (8 constraints: 127d55b0)
com.palantir.safe-logging:logger:1.20.0 (23 constraints: 45920c66)
com.palantir.safe-logging:logger-slf4j:1.20.0 (13 constraints: 42d21988)
com.palantir.safe-logging:logger-spi:1.20.0 (14 constraints: 7fe2bb7e)
com.palantir.safe-logging:preconditions:1.20.0 (27 constraints: 25d3cc77)
com.palantir.safe-logging:safe-logging:1.20.0 (23 constraints: 2d871390)
com.palantir.safethreadlocalrandom:safe-thread-local-random:0.1.0 (7 constraints: 0078bab9)
com.palantir.syntactic-paths:syntactic-paths:0.6.1 (2 constraints: 99131761)
com.palantir.tokens:auth-tokens:3.10.0 (10 constraints: 92aa9f82)
com.palantir.tracing:tracing:6.6.0 (12 constraints: a4ba659d)
com.palantir.tracing:tracing-api:6.6.0 (11 constraints: 30b4044f)
com.palantir.tracing:tracing-undertow:6.6.0 (5 constraints: ba3e13d4)
com.palantir.tritium:tritium-api:0.32.0 (9 constraints: 9698a86e)
com.palantir.tritium:tritium-core:0.32.0 (8 constraints: a8897aee)
com.palantir.tritium:tritium-metrics:0.32.0 (8 constraints: 198ea850)
com.palantir.tritium:tritium-registry:0.32.0 (11 constraints: a7cb7991)
com.squareup:javapoet:1.13.0 (9 constraints: 968a589c)
commons-codec:commons-codec:1.15 (8 constraints: f489eef8)
info.picocli:picocli:4.6.2 (1 constraints: 0e051336)
io.dropwizard.metrics:metrics-core:4.1.2 (23 constraints: 8373541a)
io.undertow:undertow-core:2.2.14.Final (6 constraints: a55ccd5a)
jakarta.annotation:jakarta.annotation-api:1.3.5 (15 constraints: 1be9f3bb)
jakarta.validation:jakarta.validation-api:2.0.2 (9 constraints: 5f861923)
jakarta.ws.rs:jakarta.ws.rs-api:2.1.6 (21 constraints: d66c8e46)
joda-time:joda-time:2.10.13 (10 constraints: b1a22eb3)
org.apache.commons:commons-lang3:3.12.0 (6 constraints: 3b52713a)
org.apache.httpcomponents.client5:httpclient5:5.1.2 (7 constraints: 31780bd5)
org.apache.httpcomponents.core5:httpcore5:5.1.2 (9 constraints: c29dbc6b)
org.apache.httpcomponents.core5:httpcore5-h2:5.1.2 (8 constraints: 6c8bb96c)
org.checkerframework:checker-qual:3.18.0 (14 constraints: f0ddd0bd)
org.glassfish.hk2:osgi-resource-locator:1.0.3 (14 constraints: 5de59fda)
org.glassfish.hk2.external:jakarta.inject:2.6.1 (21 constraints: 28588c03)
org.glassfish.jersey.core:jersey-common:2.34 (22 constraints: 04714622)
org.hdrhistogram:HdrHistogram:2.1.12 (8 constraints: b0899df3)
org.immutables:value:2.8.8 (13 constraints: 9cc7e1cf)
org.jboss.logging:jboss-logging:3.4.1.Final (9 constraints: fa99dbc8)
org.jboss.threads:jboss-threads:3.1.0.Final (2 constraints: 531a8642)
org.jboss.xnio:xnio-api:3.8.4.Final (7 constraints: e76e099c)
org.jboss.xnio:xnio-nio:3.8.4.Final (6 constraints: 3b62e3fc)
org.mpierce.metrics.reservoir:hdrhistogram-metrics-reservoir:1.1.3 (8 constraints: 28882479)
org.slf4j:slf4j-api:1.7.32 (40 constraints: 7d679402)
org.slf4j:slf4j-simple:1.7.32 (1 constraints: 3f05473b)
org.wildfly.client:wildfly-client-config:1.0.1.Final (1 constraints: 940c6308)
org.wildfly.common:wildfly-common:1.5.2.Final (3 constraints: c62f0652)
org.yaml:snakeyaml:1.27 (1 constraints: 7217fa27)

[Test dependencies]
ch.qos.logback:logback-access:1.2.7 (1 constraints: b41148e2)
ch.qos.logback:logback-classic:1.2.7 (4 constraints: d632e1c5)
ch.qos.logback:logback-core:1.2.7 (3 constraints: 22284381)
com.fasterxml:classmate:1.3.4 (1 constraints: 9b122713)
com.fasterxml.jackson.jaxrs:jackson-jaxrs-base:2.12.5 (3 constraints: 963dce4a)
com.fasterxml.jackson.jaxrs:jackson-jaxrs-cbor-provider:2.12.5 (2 constraints: fb27fe28)
com.fasterxml.jackson.jaxrs:jackson-jaxrs-json-provider:2.12.5 (2 constraints: 701d864b)
com.fasterxml.jackson.module:jackson-module-jaxb-annotations:2.12.5 (3 constraints: 963dce4a)
com.fasterxml.jackson.module:jackson-module-parameter-names:2.12.5 (2 constraints: 681d832f)
com.github.stefanbirkner:system-lambda:1.2.0 (1 constraints: 0505f635)
com.helger:profiler:1.1.1 (1 constraints: e21053b8)
com.jcraft:jzlib:1.1.3 (1 constraints: 0d192ea2)
com.netflix.concurrency-limits:concurrency-limits-core:0.2.2 (1 constraints: 7d14fe7b)
com.netflix.feign:feign-core:8.18.0 (4 constraints: ec4c4333)
com.netflix.feign:feign-jackson:8.18.0 (1 constraints: c718909e)
com.netflix.feign:feign-jaxrs:8.18.0 (1 constraints: c718909e)
com.palantir.conjure:conjure-core:4.14.0 (1 constraints: 3b05473b)
com.palantir.conjure.java.api:test-utils:2.22.0 (1 constraints: 3805393b)
com.palantir.conjure.java.runtime:conjure-java-jaxrs-client:7.20.0 (1 constraints: 3b05513b)
com.palantir.conjure.java.runtime:conjure-java-jersey-server:7.20.0 (1 constraints: 3b05513b)
com.palantir.conjure.java.runtime:conjure-java-legacy-clients:7.20.0 (2 constraints: 702dafca)
com.palantir.conjure.java.runtime:conjure-java-retrofit2-client:7.20.0 (1 constraints: 3b05513b)
com.palantir.conjure.java.runtime:okhttp-clients:7.20.0 (1 constraints: 381abf0c)
com.palantir.conjure.java.runtime:refresh-utils:7.20.0 (2 constraints: f632ccb9)
com.palantir.safe-logging:preconditions-assertj:1.20.0 (1 constraints: 35052d3b)
com.palantir.tracing:tracing-jersey:6.6.0 (5 constraints: a553e4f6)
com.palantir.tracing:tracing-okhttp3:6.6.0 (6 constraints: e468ea59)
com.palantir.websecurity:dropwizard-web-security:1.1.0 (1 constraints: 0405f335)
com.squareup.okhttp3:logging-interceptor:3.14.1 (1 constraints: b114c190)
com.squareup.okhttp3:okhttp:3.14.1 (9 constraints: b083bc64)
com.squareup.okio:okio:1.17.2 (6 constraints: 4657f844)
com.squareup.retrofit2:converter-jackson:2.4.0 (1 constraints: 051a63f2)
com.squareup.retrofit2:retrofit:2.4.0 (2 constraints: 7c2b2dc8)
io.dropwizard:dropwizard-configuration:2.0.2 (1 constraints: 3e0d2d1f)
io.dropwizard:dropwizard-core:2.0.2 (2 constraints: 6723bc2f)
io.dropwizard:dropwizard-jackson:2.0.2 (5 constraints: 7649918e)
io.dropwizard:dropwizard-jersey:2.0.2 (1 constraints: 3e0d2d1f)
io.dropwizard:dropwizard-jetty:2.0.2 (2 constraints: ef1e4d8a)
io.dropwizard:dropwizard-lifecycle:2.0.2 (2 constraints: c91ba08e)
io.dropwizard:dropwizard-logging:2.0.2 (4 constraints: d93a9890)
io.dropwizard:dropwizard-metrics:2.0.2 (1 constraints: 3e0d2d1f)
io.dropwizard:dropwizard-request-logging:2.0.2 (1 constraints: 3e0d2d1f)
io.dropwizard:dropwizard-servlets:2.0.2 (1 constraints: 3e0d2d1f)
io.dropwizard:dropwizard-testing:2.0.2 (1 constraints: 0605f735)
io.dropwizard:dropwizard-util:2.0.2 (5 constraints: ca496b97)
io.dropwizard:dropwizard-validation:2.0.2 (5 constraints: 7649918e)
io.dropwizard.logback:logback-throttling-appender:1.1.0 (1 constraints: 7a0ece4f)
io.dropwizard.metrics:metrics-annotation:4.1.2 (2 constraints: 411f02ba)
io.dropwizard.metrics:metrics-healthchecks:4.1.2 (2 constraints: 261e8a46)
io.dropwizard.metrics:metrics-jersey2:4.1.2 (1 constraints: 2a0e1640)
io.dropwizard.metrics:metrics-jetty9:4.1.2 (1 constraints: c80d3430)
io.dropwizard.metrics:metrics-jmx:4.1.2 (1 constraints: 410d3a1f)
io.dropwizard.metrics:metrics-json:4.1.2 (1 constraints: e61063b8)
io.dropwizard.metrics:metrics-jvm:4.1.2 (2 constraints: 261e8a46)
io.dropwizard.metrics:metrics-logback:4.1.2 (1 constraints: 7f0edf4f)
io.dropwizard.metrics:metrics-servlets:4.1.2 (1 constraints: 410d3a1f)
jakarta.activation:jakarta.activation-api:1.2.2 (4 constraints: 724514b4)
jakarta.el:jakarta.el-api:3.0.3 (1 constraints: fe135465)
jakarta.servlet:jakarta.servlet-api:4.0.4 (10 constraints: 329e3960)
jakarta.xml.bind:jakarta.xml.bind-api:2.3.3 (4 constraints: fa4fd14e)
javax.servlet:javax.servlet-api:3.1.0 (1 constraints: 830dcc28)
javax.ws.rs:javax.ws.rs-api:2.1 (1 constraints: 1e143b53)
junit:junit:4.13.2 (4 constraints: 4d5d71de)
net.bytebuddy:byte-buddy:1.12.1 (1 constraints: 3f0b39de)
net.bytebuddy:byte-buddy-agent:1.12.1 (1 constraints: 3f0b39de)
net.sourceforge.argparse4j:argparse4j:0.8.1 (1 constraints: 430d3a1f)
org.apache.commons:commons-text:1.8 (1 constraints: b4102e9b)
org.assertj:assertj-core:3.21.0 (4 constraints: a2391605)
org.eclipse.jetty:jetty-continuation:9.4.26.v20200117 (2 constraints: 6e21a442)
org.eclipse.jetty:jetty-http:9.4.26.v20200117 (3 constraints: 00316450)
org.eclipse.jetty:jetty-io:9.4.26.v20200117 (3 constraints: e72ffdad)
org.eclipse.jetty:jetty-security:9.4.26.v20200117 (1 constraints: 63102ae2)
org.eclipse.jetty:jetty-server:9.4.26.v20200117 (5 constraints: a055f263)
org.eclipse.jetty:jetty-servlet:9.4.26.v20200117 (2 constraints: 132042cd)
org.eclipse.jetty:jetty-servlets:9.4.26.v20200117 (1 constraints: 371072d7)
org.eclipse.jetty:jetty-util:9.4.26.v20200117 (5 constraints: c34d4494)
org.eclipse.jetty:jetty-webapp:9.4.26.v20200117 (1 constraints: 99108aeb)
org.eclipse.jetty:jetty-xml:9.4.26.v20200117 (1 constraints: dd0f08cb)
org.eclipse.jetty.toolchain.setuid:jetty-setuid-java:1.0.3 (1 constraints: 3e0d291f)
org.glassfish:jakarta.el:3.0.3 (2 constraints: bf231f5c)
org.glassfish.hk2:hk2-api:2.6.1 (1 constraints: 6e0c620c)
org.glassfish.hk2:hk2-locator:2.6.1 (1 constraints: 4410e0ad)
org.glassfish.hk2:hk2-utils:2.6.1 (2 constraints: 21173277)
org.glassfish.hk2.external:aopalliance-repackaged:2.6.1 (2 constraints: 21173277)
org.glassfish.jersey.containers:jersey-container-servlet:2.34 (1 constraints: fa0dea31)
org.glassfish.jersey.containers:jersey-container-servlet-core:2.34 (2 constraints: 9e317578)
org.glassfish.jersey.core:jersey-client:2.34 (7 constraints: 0e7dec8f)
org.glassfish.jersey.core:jersey-server:2.34 (13 constraints: 9002452e)
org.glassfish.jersey.ext:jersey-bean-validation:2.34 (2 constraints: dc26c385)
org.glassfish.jersey.ext:jersey-metainf-services:2.34 (1 constraints: fa0dea31)
org.glassfish.jersey.inject:jersey-hk2:2.34 (2 constraints: dc26c385)
org.glassfish.jersey.media:jersey-media-jaxb:2.34 (6 constraints: d062cadc)
org.glassfish.jersey.test-framework:jersey-test-framework-core:2.34 (1 constraints: 4b23d8ba)
org.glassfish.jersey.test-framework.providers:jersey-test-framework-provider-inmemory:2.34 (1 constraints: 660e8242)
org.hamcrest:hamcrest:2.2 (1 constraints: 720b95d5)
org.hamcrest:hamcrest-core:2.2 (2 constraints: 730adbbf)
org.hibernate.validator:hibernate-validator:6.1.2.Final (2 constraints: f5272f21)
org.javassist:javassist:3.26.0-GA (3 constraints: c22709a0)
org.junit:junit-bom:5.8.2 (7 constraints: d67254bd)
org.junit.jupiter:junit-jupiter:5.8.2 (2 constraints: 260e7a59)
org.junit.jupiter:junit-jupiter-api:5.8.2 (5 constraints: 534723d7)
org.junit.jupiter:junit-jupiter-engine:5.8.2 (2 constraints: 2117d23c)
org.junit.jupiter:junit-jupiter-params:5.8.2 (2 constraints: 2117d23c)
org.junit.platform:junit-platform-commons:1.8.2 (3 constraints: ee29ed2b)
org.junit.platform:junit-platform-engine:1.8.2 (3 constraints: 3c2ac55d)
org.junit.vintage:junit-vintage-engine:5.8.2 (2 constraints: 260e7a59)
org.jvnet:animal-sniffer-annotation:1.0 (1 constraints: f20b95eb)
org.mockito:mockito-core:4.1.0 (3 constraints: dd240cf8)
org.mockito:mockito-junit-jupiter:4.1.0 (1 constraints: 07050236)
org.objenesis:objenesis:3.2 (2 constraints: e5189aa9)
org.opentest4j:opentest4j:1.2.0 (2 constraints: cd205b49)
org.slf4j:jcl-over-slf4j:1.7.32 (1 constraints: b30e965e)
org.slf4j:jul-to-slf4j:1.7.32 (1 constraints: b30e965e)
org.slf4j:log4j-over-slf4j:1.7.32 (1 constraints: b30e965e)
