# Run ./gradlew writeVersionsLocks to regenerate this file. Blank lines are to minimize merge conflicts.

com.atlassian.commonmark:commonmark:0.12.1 (1 constraints: 36052a3b)

com.fasterxml.jackson.core:jackson-annotations:2.21 (24 constraints: 119bbc06)

com.fasterxml.jackson.core:jackson-core:2.21.1 (23 constraints: ccd8bb60)

com.fasterxml.jackson.core:jackson-databind:2.21.1 (34 constraints: e391ad1f)

com.fasterxml.jackson.dataformat:jackson-dataformat-cbor:2.21.1 (4 constraints: 706ca7bb)

com.fasterxml.jackson.dataformat:jackson-dataformat-smile:2.21.1 (1 constraints: 7c1c98a4)

com.fasterxml.jackson.dataformat:jackson-dataformat-yaml:2.21.1 (3 constraints: 3d25d40e)

com.fasterxml.jackson.datatype:jackson-datatype-guava:2.21.1 (2 constraints: 332b81af)

com.fasterxml.jackson.datatype:jackson-datatype-jdk8:2.21.1 (4 constraints: 293f658d)

com.fasterxml.jackson.datatype:jackson-datatype-joda:2.21.1 (1 constraints: 7c1c98a4)

com.fasterxml.jackson.datatype:jackson-datatype-jsr310:2.21.1 (2 constraints: 332b81af)

com.github.ben-manes.caffeine:caffeine:3.2.4 (10 constraints: 6aafbae9)

com.google.auto:auto-common:1.2.2 (2 constraints: 1e175831)

com.google.code.findbugs:jsr305:3.0.2 (14 constraints: 10110b88)

com.google.errorprone:error_prone_annotations:2.49.0 (31 constraints: 9e0440b4)

com.google.guava:failureaccess:1.0.3 (1 constraints: 160ae3b4)

com.google.guava:guava:33.6.0-jre (37 constraints: 6abdc3aa)

com.google.guava:listenablefuture:9999.0-empty-to-avoid-conflict-with-guava (1 constraints: bd17c918)

com.google.j2objc:j2objc-annotations:3.1 (1 constraints: b809f1a0)

com.palantir.common:streams:2.11.0 (1 constraints: 3605323b)

com.palantir.conjure:conjure-api-objects:4.57.0 (3 constraints: a827c123)

com.palantir.conjure:conjure-generator-common:4.57.0 (2 constraints: 0b14fe83)

com.palantir.conjure.java.api:errors:2.73.0 (10 constraints: 7fb95073)

com.palantir.conjure.java.api:service-config:2.73.0 (6 constraints: 3e661adc)

com.palantir.conjure.java.api:ssl-config:2.73.0 (5 constraints: ba4fe82e)

com.palantir.conjure.java.runtime:client-config:8.36.0 (6 constraints: bd6b5d32)

com.palantir.conjure.java.runtime:conjure-java-jackson-optimizations:8.36.0 (1 constraints: 871ccea4)

com.palantir.conjure.java.runtime:conjure-java-jackson-serialization:8.36.0 (4 constraints: 374a3123)

com.palantir.conjure.java.runtime:keystores:8.36.0 (3 constraints: 1f2aae5f)

com.palantir.deadlines:deadlines:0.22.0 (2 constraints: 9b14a0ab)

com.palantir.dialogue:dialogue-apache-hc5-client:6.30.0 (2 constraints: 7a294b02)

com.palantir.dialogue:dialogue-blocking-channels:6.30.0 (2 constraints: d1239fb2)

com.palantir.dialogue:dialogue-clients:6.30.0 (1 constraints: 3b054f3b)

com.palantir.dialogue:dialogue-core:6.30.0 (3 constraints: 763d8ae1)

com.palantir.dialogue:dialogue-futures:6.30.0 (3 constraints: c233c7bb)

com.palantir.dialogue:dialogue-serde:6.30.0 (3 constraints: b42e3aa1)

com.palantir.dialogue:dialogue-target:6.30.0 (7 constraints: 0d791ce6)

com.palantir.goethe:goethe:0.23.0 (1 constraints: 3705303b)

com.palantir.human-readable-types:human-readable-types:1.13.0 (1 constraints: 3705323b)

com.palantir.javapoet:javapoet:0.16.0 (2 constraints: 2e1189ee)

com.palantir.nylon:nylon-threads:0.11.0 (1 constraints: 3a102fa2)

com.palantir.refreshable:refreshable:2.13.0 (3 constraints: 2f340df7)

com.palantir.ri:resource-identifier:2.17.0 (3 constraints: 5a250c4e)

com.palantir.safe-logging:logger:3.15.0 (24 constraints: 9ba983a5)

com.palantir.safe-logging:logger-slf4j:3.15.0 (1 constraints: 340e9650)

com.palantir.safe-logging:logger-spi:3.15.0 (2 constraints: 771ee2b0)

com.palantir.safe-logging:preconditions:3.15.0 (32 constraints: 892c6cb9)

com.palantir.safe-logging:safe-logging:3.15.0 (29 constraints: 5fffe64b)

com.palantir.safethreadlocalrandom:safe-thread-local-random:0.9.0 (1 constraints: 3b0fbc76)

com.palantir.syntactic-paths:syntactic-paths:0.17.0 (2 constraints: f9135082)

com.palantir.tokens:auth-tokens:4.5.0 (5 constraints: 74536a55)

com.palantir.tracing:tracing:6.35.0 (8 constraints: 807e2e1a)

com.palantir.tracing:tracing-api:6.35.0 (6 constraints: 9e58b22a)

com.palantir.tracing:tracing-undertow:6.35.0 (1 constraints: 40055e3b)

com.palantir.tritium:tritium-api:0.131.0 (2 constraints: 8b1f7cf3)

com.palantir.tritium:tritium-caffeine:0.131.0 (1 constraints: e01007cf)

com.palantir.tritium:tritium-core:0.131.0 (1 constraints: 6d10a6b2)

com.palantir.tritium:tritium-ids:0.128.0 (1 constraints: fe0f9aa6)

com.palantir.tritium:tritium-metrics:0.131.0 (6 constraints: 70683f1d)

com.palantir.tritium:tritium-registry:0.131.0 (11 constraints: 2ddf4980)

com.squareup:javapoet:1.13.0 (1 constraints: f50b65f7)

info.picocli:picocli:4.7.7 (1 constraints: 14051b36)

io.dropwizard.metrics:metrics-core:4.2.39 (28 constraints: 36e77c0f)

io.smallrye.common:smallrye-common-annotation:2.14.0 (1 constraints: f20d0944)

io.smallrye.common:smallrye-common-constraint:2.14.0 (4 constraints: e841a41c)

io.smallrye.common:smallrye-common-cpu:2.14.0 (2 constraints: a21c34e8)

io.smallrye.common:smallrye-common-expression:2.4.0 (1 constraints: b10e835a)

io.smallrye.common:smallrye-common-function:2.14.0 (2 constraints: 8b21dfa9)

io.smallrye.common:smallrye-common-net:2.4.0 (1 constraints: b10e835a)

io.smallrye.common:smallrye-common-os:2.4.0 (1 constraints: b10e835a)

io.smallrye.common:smallrye-common-ref:2.4.0 (1 constraints: b10e835a)

io.undertow:undertow-core:2.2.38.Final (2 constraints: ea19a2fe)

jakarta.annotation:jakarta.annotation-api:2.1.1 (6 constraints: cd5ca708)

jakarta.ws.rs:jakarta.ws.rs-api:4.0.0 (16 constraints: 64222106)

joda-time:joda-time:2.14.2 (2 constraints: 691b1871)

org.apache.commons:commons-lang3:3.20.0 (3 constraints: f121bcf6)

org.apache.httpcomponents.client5:httpclient5:5.6.1 (3 constraints: f83981e9)

org.apache.httpcomponents.core5:httpcore5:5.4 (4 constraints: e046183b)

org.apache.httpcomponents.core5:httpcore5-h2:5.4 (1 constraints: df12c515)

org.checkerframework:checker-qual:3.49.1 (12 constraints: 4cb1cd72)

org.derive4j:derive4j-annotation:1.1.1 (1 constraints: 0505f435)

org.eclipse.collections:eclipse-collections:13.0.0 (1 constraints: 3605363b)

org.eclipse.collections:eclipse-collections-api:13.0.0 (2 constraints: 1418b976)

org.hdrhistogram:HdrHistogram:2.2.2 (1 constraints: 0e100092)

org.immutables:value:2.12.2 (2 constraints: 0215eec1)

org.jboss.logging:jboss-logging:3.6.1.Final (9 constraints: 8faed263)

org.jboss.threads:jboss-threads:3.9.2 (3 constraints: a8285de8)

org.jboss.xnio:xnio-api:3.8.16.Final (2 constraints: d71a2474)

org.jboss.xnio:xnio-nio:3.8.16.Final (1 constraints: f80dc53d)

org.jetbrains:annotations:26.1.0 (4 constraints: 093aa899)

org.jspecify:jspecify:1.0.0 (25 constraints: 158c7358)

org.mpierce.metrics.reservoir:hdrhistogram-metrics-reservoir:1.1.3 (1 constraints: 0d10f991)

org.slf4j:slf4j-api:2.0.17 (36 constraints: 72fc75ac)

org.slf4j:slf4j-simple:2.0.17 (1 constraints: 3c05323b)

org.wildfly.client:wildfly-client-config:1.0.1.Final (1 constraints: 940c6308)

org.wildfly.common:wildfly-common:2.0.1 (3 constraints: 5d1f2806)

org.yaml:snakeyaml:2.5 (1 constraints: 3f178e10)



[Test dependencies]

ch.qos.logback:logback-classic:1.5.18 (7 constraints: d5616120)

ch.qos.logback:logback-core:1.5.18 (5 constraints: 75503fe6)

ch.qos.logback.access:logback-access-common:2.0.6 (2 constraints: ad232460)

ch.qos.logback.access:logback-access-jetty11:2.0.6 (1 constraints: b6114ae2)

com.fasterxml:classmate:1.7.0 (3 constraints: 8730835b)

com.fasterxml.jackson.jakarta.rs:jackson-jakarta-rs-base:2.21.1 (2 constraints: f735c06c)

com.fasterxml.jackson.jakarta.rs:jackson-jakarta-rs-cbor-provider:2.21.1 (1 constraints: 491c75a1)

com.fasterxml.jackson.jakarta.rs:jackson-jakarta-rs-json-provider:2.21.1 (3 constraints: 642272f6)

com.fasterxml.jackson.module:jackson-module-blackbird:2.21.1 (1 constraints: b80e705e)

com.fasterxml.jackson.module:jackson-module-jakarta-xmlbind-annotations:2.21.1 (2 constraints: f735c06c)

com.fasterxml.jackson.module:jackson-module-parameter-names:2.21.1 (1 constraints: b80e705e)

com.google.auto.value:auto-value-annotations:1.11.0 (2 constraints: d01cd319)

com.google.testing.compile:compile-testing:0.23.0 (1 constraints: 3705303b)

com.google.truth:truth:1.4.5 (1 constraints: 1d1219fb)

com.helger:profiler:1.1.1 (1 constraints: ed130e59)

com.netflix.feign:feign-core:8.18.0 (2 constraints: 96266a97)

com.netflix.feign:feign-jackson:8.18.0 (1 constraints: c718909e)

com.palantir.conjure:conjure-core:4.57.0 (1 constraints: 4205603b)

com.palantir.conjure.java.api:test-utils:2.73.0 (1 constraints: 3e05503b)

com.palantir.conjure.java.runtime:conjure-java-annotations:8.36.0 (1 constraints: c718929e)

com.palantir.conjure.java.runtime:conjure-java-jaxrs-client:8.36.0 (1 constraints: 43056d3b)

com.palantir.conjure.java.runtime:conjure-java-jersey-jakarta-server:8.36.0 (1 constraints: 43056d3b)

com.palantir.conjure.java.runtime:conjure-java-legacy-clients:8.36.0 (2 constraints: 091ee744)

com.palantir.conjure.java.runtime:refresh-utils:8.36.0 (1 constraints: c718929e)

com.palantir.safe-logging:preconditions-assertj:3.15.0 (1 constraints: 3b05443b)

com.palantir.tracing:tracing-jersey-jakarta:6.35.0 (1 constraints: 511c9ca1)

io.dropwizard:dropwizard-configuration:4.0.13 (2 constraints: 381c2dc1)

io.dropwizard:dropwizard-core:4.0.13 (2 constraints: 00148076)

io.dropwizard:dropwizard-health:4.0.13 (1 constraints: 720da82c)

io.dropwizard:dropwizard-jackson:4.0.13 (8 constraints: fa6c7b1b)

io.dropwizard:dropwizard-jersey:4.0.13 (4 constraints: af2f4b44)

io.dropwizard:dropwizard-jetty:4.0.13 (4 constraints: af2f4b44)

io.dropwizard:dropwizard-lifecycle:4.0.13 (4 constraints: 353988e1)

io.dropwizard:dropwizard-logging:4.0.13 (4 constraints: 5633012d)

io.dropwizard:dropwizard-metrics:4.0.13 (1 constraints: 720da82c)

io.dropwizard:dropwizard-request-logging:4.0.13 (1 constraints: 720da82c)

io.dropwizard:dropwizard-servlets:4.0.13 (1 constraints: 720da82c)

io.dropwizard:dropwizard-testing:4.0.13 (1 constraints: 3a053a3b)

io.dropwizard:dropwizard-util:4.0.13 (11 constraints: 92a1dcb9)

io.dropwizard:dropwizard-validation:4.0.13 (6 constraints: 72583aa2)

io.dropwizard.logback:logback-throttling-appender:1.4.2 (1 constraints: 7f0ed94f)

io.dropwizard.metrics:metrics-annotation:4.2.30 (4 constraints: 493d42d1)

io.dropwizard.metrics:metrics-healthchecks:4.2.30 (4 constraints: 9b3e6d44)

io.dropwizard.metrics:metrics-jakarta-servlets:4.2.30 (1 constraints: 730db12c)

io.dropwizard.metrics:metrics-jersey3:4.2.30 (1 constraints: 5c0e764e)

io.dropwizard.metrics:metrics-jetty11:4.2.30 (2 constraints: 6c1bd184)

io.dropwizard.metrics:metrics-jmx:4.2.30 (1 constraints: 730db12c)

io.dropwizard.metrics:metrics-json:4.2.30 (1 constraints: 2314456d)

io.dropwizard.metrics:metrics-jvm:4.2.30 (2 constraints: 9521138b)

io.dropwizard.metrics:metrics-logback:4.2.30 (1 constraints: b10e945e)

jakarta.activation:jakarta.activation-api:2.1.3 (3 constraints: 9f3b3170)

jakarta.el:jakarta.el-api:5.0.1 (2 constraints: ea1e9d9a)

jakarta.inject:jakarta.inject-api:2.0.1 (9 constraints: 1fac8623)

jakarta.servlet:jakarta.servlet-api:6.0.0 (10 constraints: c3a1df08)

jakarta.validation:jakarta.validation-api:3.0.2 (14 constraints: e4d130d9)

jakarta.xml.bind:jakarta.xml.bind-api:4.0.2 (3 constraints: 1d46df11)

junit:junit:4.13.2 (2 constraints: de1ce71a)

net.bytebuddy:byte-buddy:1.18.3 (2 constraints: 9c16b43e)

net.bytebuddy:byte-buddy-agent:1.17.7 (1 constraints: 4a0b4ede)

net.sourceforge.argparse4j:argparse4j:0.9.0 (2 constraints: da1b0890)

org.apache.commons:commons-text:1.13.0 (1 constraints: 3e1153ce)

org.apiguardian:apiguardian-api:1.1.2 (6 constraints: 5366ce6e)

org.assertj:assertj-core:3.27.7 (3 constraints: 022b92a5)

org.eclipse.jetty:jetty-http:11.0.25 (5 constraints: 4f4d83e8)

org.eclipse.jetty:jetty-io:11.0.25 (6 constraints: d4563539)

org.eclipse.jetty:jetty-security:11.0.25 (3 constraints: 212aa29a)

org.eclipse.jetty:jetty-server:11.0.25 (8 constraints: 017e4334)

org.eclipse.jetty:jetty-servlet:11.0.25 (2 constraints: cc1b96b5)

org.eclipse.jetty:jetty-servlets:11.0.25 (1 constraints: 2a0e474c)

org.eclipse.jetty:jetty-util:11.0.25 (10 constraints: 3a93379c)

org.eclipse.jetty.toolchain:jetty-jakarta-servlet-api:5.0.2 (1 constraints: 860dd528)

org.eclipse.jetty.toolchain.setuid:jetty-setuid-java:1.0.4 (1 constraints: 3f0d2a1f)

org.glassfish:jakarta.el:4.0.2 (1 constraints: c20f5b84)

org.glassfish.expressly:expressly:5.0.0 (1 constraints: fd135b65)

org.glassfish.hk2:hk2-api:3.0.6 (2 constraints: 991aec66)

org.glassfish.hk2:hk2-locator:3.0.6 (1 constraints: 4410d8ad)

org.glassfish.hk2:hk2-utils:3.0.6 (2 constraints: 21172277)

org.glassfish.hk2:osgi-resource-locator:1.0.3 (2 constraints: 7d23b265)

org.glassfish.hk2.external:aopalliance-repackaged:3.0.6 (2 constraints: 21172277)

org.glassfish.jersey.connectors:jersey-apache5-connector:3.1.11 (1 constraints: ca0edb5f)

org.glassfish.jersey.containers:jersey-container-servlet:3.1.11 (1 constraints: 5e0e6b4e)

org.glassfish.jersey.containers:jersey-container-servlet-core:3.1.11 (4 constraints: 7a4fe6e6)

org.glassfish.jersey.core:jersey-client:3.1.11 (5 constraints: 99697dc0)

org.glassfish.jersey.core:jersey-common:3.1.11 (14 constraints: 6e0d12e7)

org.glassfish.jersey.core:jersey-server:3.1.11 (11 constraints: 2fe56274)

org.glassfish.jersey.ext:jersey-bean-validation:3.1.11 (2 constraints: bd295d1d)

org.glassfish.jersey.ext:jersey-metainf-services:3.1.11 (1 constraints: 5e0e6b4e)

org.glassfish.jersey.inject:jersey-hk2:3.1.11 (2 constraints: a62ab277)

org.glassfish.jersey.media:jersey-media-jaxb:3.1.11 (1 constraints: 3b1a96fe)

org.glassfish.jersey.test-framework:jersey-test-framework-core:3.1.11 (2 constraints: 6f32b9de)

org.glassfish.jersey.test-framework.providers:jersey-test-framework-provider-inmemory:3.1.11 (1 constraints: ca0edb5f)

org.hamcrest:hamcrest:3.0 (3 constraints: 2e48d02b)

org.hamcrest:hamcrest-core:3.0 (2 constraints: 720acabf)

org.hibernate.validator:hibernate-validator:8.0.2.Final (3 constraints: 3f38e3dc)

org.javassist:javassist:3.30.2-GA (3 constraints: 242662eb)

org.junit.jupiter:junit-jupiter:6.1.0 (3 constraints: 2f45f7ed)

org.junit.jupiter:junit-jupiter-api:6.1.0 (5 constraints: 5d4346e9)

org.junit.jupiter:junit-jupiter-engine:6.1.0 (1 constraints: 040ecd3b)

org.junit.jupiter:junit-jupiter-params:6.1.0 (2 constraints: 0c13283b)

org.junit.platform:junit-platform-commons:6.1.0 (2 constraints: d5204b4a)

org.junit.platform:junit-platform-engine:6.1.0 (2 constraints: ed22e007)

org.junit.platform:junit-platform-launcher:6.1.0 (1 constraints: 09050c36)

org.jvnet:animal-sniffer-annotation:1.0 (1 constraints: f20b95eb)

org.mockito:mockito-core:5.23.0 (2 constraints: 3014cc86)

org.mockito:mockito-junit-jupiter:5.23.0 (1 constraints: 3c054e3b)

org.objenesis:objenesis:3.3 (1 constraints: b20a14bd)

org.opentest4j:opentest4j:1.3.0 (2 constraints: cf209249)

org.ow2.asm:asm:9.8 (1 constraints: 0b0aaea4)

org.slf4j:jcl-over-slf4j:2.0.17 (1 constraints: b20e835e)

org.slf4j:jul-to-slf4j:2.0.17 (1 constraints: b20e835e)

org.slf4j:log4j-over-slf4j:2.0.17 (1 constraints: b20e835e)
